
Microsoft Visual Studio Solution File, Format Version 12.00
# Visual Studio Version 17
VisualStudioVersion = 17.1.32210.238
MinimumVisualStudioVersion = 10.0.40219.1
Project("{FAE04EC0-301F-11D3-BF4B-00C04F79EFBC}") = "WpfApp1", "WpfApp1\WpfApp1.csproj", "{720C3436-907C-4400-8BB3-1E261E030D03}"
EndProject
Global
	GlobalSection(SolutionConfigurationPlatforms) = preSolution
		Debug|Any CPU = Debug|Any CPU
		Release|Any CPU = Release|Any CPU
	EndGlobalSection
	GlobalSection(ProjectConfigurationPlatforms) = postSolution
		{720C3436-907C-4400-8BB3-1E261E030D03}.Debug|Any CPU.ActiveCfg = Debug|Any CPU
		{720C3436-907C-4400-8BB3-1E261E030D03}.Debug|Any CPU.Build.0 = Debug|Any CPU
		{720C3436-907C-4400-8BB3-1E261E030D03}.Release|Any CPU.ActiveCfg = Release|Any CPU
		{720C3436-907C-4400-8BB3-1E261E030D03}.Release|Any CPU.Build.0 = Release|Any CPU
	EndGlobalSection
	GlobalSection(SolutionProperties) = preSolution
		HideSolutionNode = FALSE
	EndGlobalSection
	GlobalSection(ExtensibilityGlobals) = postSolution
		SolutionGuid = {6172624A-DCA7-41E1-9027-FF2730419DF7}
	EndGlobalSection
EndGlobal
