
Microsoft Visual Studio Solution File, Format Version 12.00
# Visual Studio Version 17
VisualStudioVersion = 17.1.32210.238
MinimumVisualStudioVersion = 10.0.40219.1
Project("{FAE04EC0-301F-11D3-BF4B-00C04F79EFBC}") = "CustomChart", "CustomChart\CustomChart.csproj", "{3C89C919-F164-42E7-AEC8-31415A4E7C06}"
EndProject
Project("{FAE04EC0-301F-11D3-BF4B-00C04F79EFBC}") = "CustomDashboard", "CustomDashboard\CustomDashboard.csproj", "{489A4929-7AF7-428B-AB1B-35A8175512E1}"
EndProject
Project("{FAE04EC0-301F-11D3-BF4B-00C04F79EFBC}") = "LoginWithLoading", "LoginWithLoading\LoginWithLoading.csproj", "{337B90D5-14A4-46A7-B4EA-B812AFE97ECC}"
EndProject
Project("{FAE04EC0-301F-11D3-BF4B-00C04F79EFBC}") = "Loading", "Loading\Loading.csproj", "{C752E229-1F60-45A0-A32E-FC0ADD3801AA}"
EndProject
Project("{FAE04EC0-301F-11D3-BF4B-00C04F79EFBC}") = "ArtesianWell", "ArtesianWell\ArtesianWell.csproj", "{6AF44325-5547-4FDE-AB45-D98273AFAD6C}"
EndProject
Project("{FAE04EC0-301F-11D3-BF4B-00C04F79EFBC}") = "PipeLine", "PipeLine\PipeLine.csproj", "{0E60233F-600C-4108-9490-83A621E1DF5F}"
EndProject
Project("{FAE04EC0-301F-11D3-BF4B-00C04F79EFBC}") = "Pump", "Pump\Pump.csproj", "{F4D8DA00-30D9-4748-814D-614AFAB5B313}"
EndProject
Project("{9A19103F-16F7-4668-BE54-9A1E7A4F7556}") = "Box", "Box\Box.csproj", "{AA143212-EA4C-4E69-85FD-59CDB9A9686A}"
EndProject
Project("{9A19103F-16F7-4668-BE54-9A1E7A4F7556}") = "Common", "Common\Common.csproj", "{AD694D00-88A9-43E0-830D-C5CFF4FB1B5C}"
EndProject
Project("{FAE04EC0-301F-11D3-BF4B-00C04F79EFBC}") = "Progress", "Progress\Progress.csproj", "{1A25CA81-A5AB-403E-B89B-2A27605CF5CF}"
EndProject
Global
	GlobalSection(SolutionConfigurationPlatforms) = preSolution
		Debug|Any CPU = Debug|Any CPU
		Release|Any CPU = Release|Any CPU
	EndGlobalSection
	GlobalSection(ProjectConfigurationPlatforms) = postSolution
		{3C89C919-F164-42E7-AEC8-31415A4E7C06}.Debug|Any CPU.ActiveCfg = Debug|Any CPU
		{3C89C919-F164-42E7-AEC8-31415A4E7C06}.Debug|Any CPU.Build.0 = Debug|Any CPU
		{3C89C919-F164-42E7-AEC8-31415A4E7C06}.Release|Any CPU.ActiveCfg = Release|Any CPU
		{3C89C919-F164-42E7-AEC8-31415A4E7C06}.Release|Any CPU.Build.0 = Release|Any CPU
		{489A4929-7AF7-428B-AB1B-35A8175512E1}.Debug|Any CPU.ActiveCfg = Debug|Any CPU
		{489A4929-7AF7-428B-AB1B-35A8175512E1}.Debug|Any CPU.Build.0 = Debug|Any CPU
		{489A4929-7AF7-428B-AB1B-35A8175512E1}.Release|Any CPU.ActiveCfg = Release|Any CPU
		{489A4929-7AF7-428B-AB1B-35A8175512E1}.Release|Any CPU.Build.0 = Release|Any CPU
		{337B90D5-14A4-46A7-B4EA-B812AFE97ECC}.Debug|Any CPU.ActiveCfg = Debug|Any CPU
		{337B90D5-14A4-46A7-B4EA-B812AFE97ECC}.Debug|Any CPU.Build.0 = Debug|Any CPU
		{337B90D5-14A4-46A7-B4EA-B812AFE97ECC}.Release|Any CPU.ActiveCfg = Release|Any CPU
		{337B90D5-14A4-46A7-B4EA-B812AFE97ECC}.Release|Any CPU.Build.0 = Release|Any CPU
		{C752E229-1F60-45A0-A32E-FC0ADD3801AA}.Debug|Any CPU.ActiveCfg = Debug|Any CPU
		{C752E229-1F60-45A0-A32E-FC0ADD3801AA}.Debug|Any CPU.Build.0 = Debug|Any CPU
		{C752E229-1F60-45A0-A32E-FC0ADD3801AA}.Release|Any CPU.ActiveCfg = Release|Any CPU
		{C752E229-1F60-45A0-A32E-FC0ADD3801AA}.Release|Any CPU.Build.0 = Release|Any CPU
		{6AF44325-5547-4FDE-AB45-D98273AFAD6C}.Debug|Any CPU.ActiveCfg = Debug|Any CPU
		{6AF44325-5547-4FDE-AB45-D98273AFAD6C}.Debug|Any CPU.Build.0 = Debug|Any CPU
		{6AF44325-5547-4FDE-AB45-D98273AFAD6C}.Release|Any CPU.ActiveCfg = Release|Any CPU
		{6AF44325-5547-4FDE-AB45-D98273AFAD6C}.Release|Any CPU.Build.0 = Release|Any CPU
		{0E60233F-600C-4108-9490-83A621E1DF5F}.Debug|Any CPU.ActiveCfg = Debug|Any CPU
		{0E60233F-600C-4108-9490-83A621E1DF5F}.Debug|Any CPU.Build.0 = Debug|Any CPU
		{0E60233F-600C-4108-9490-83A621E1DF5F}.Release|Any CPU.ActiveCfg = Release|Any CPU
		{0E60233F-600C-4108-9490-83A621E1DF5F}.Release|Any CPU.Build.0 = Release|Any CPU
		{F4D8DA00-30D9-4748-814D-614AFAB5B313}.Debug|Any CPU.ActiveCfg = Debug|Any CPU
		{F4D8DA00-30D9-4748-814D-614AFAB5B313}.Debug|Any CPU.Build.0 = Debug|Any CPU
		{F4D8DA00-30D9-4748-814D-614AFAB5B313}.Release|Any CPU.ActiveCfg = Release|Any CPU
		{F4D8DA00-30D9-4748-814D-614AFAB5B313}.Release|Any CPU.Build.0 = Release|Any CPU
		{AA143212-EA4C-4E69-85FD-59CDB9A9686A}.Debug|Any CPU.ActiveCfg = Debug|Any CPU
		{AA143212-EA4C-4E69-85FD-59CDB9A9686A}.Debug|Any CPU.Build.0 = Debug|Any CPU
		{AA143212-EA4C-4E69-85FD-59CDB9A9686A}.Release|Any CPU.ActiveCfg = Release|Any CPU
		{AA143212-EA4C-4E69-85FD-59CDB9A9686A}.Release|Any CPU.Build.0 = Release|Any CPU
		{AD694D00-88A9-43E0-830D-C5CFF4FB1B5C}.Debug|Any CPU.ActiveCfg = Debug|Any CPU
		{AD694D00-88A9-43E0-830D-C5CFF4FB1B5C}.Debug|Any CPU.Build.0 = Debug|Any CPU
		{AD694D00-88A9-43E0-830D-C5CFF4FB1B5C}.Release|Any CPU.ActiveCfg = Release|Any CPU
		{AD694D00-88A9-43E0-830D-C5CFF4FB1B5C}.Release|Any CPU.Build.0 = Release|Any CPU
		{1A25CA81-A5AB-403E-B89B-2A27605CF5CF}.Debug|Any CPU.ActiveCfg = Debug|Any CPU
		{1A25CA81-A5AB-403E-B89B-2A27605CF5CF}.Debug|Any CPU.Build.0 = Debug|Any CPU
		{1A25CA81-A5AB-403E-B89B-2A27605CF5CF}.Release|Any CPU.ActiveCfg = Release|Any CPU
		{1A25CA81-A5AB-403E-B89B-2A27605CF5CF}.Release|Any CPU.Build.0 = Release|Any CPU
	EndGlobalSection
	GlobalSection(SolutionProperties) = preSolution
		HideSolutionNode = FALSE
	EndGlobalSection
	GlobalSection(ExtensibilityGlobals) = postSolution
		SolutionGuid = {6172624A-DCA7-41E1-9027-FF2730419DF7}
	EndGlobalSection
EndGlobal
